
Microsoft Visual Studio Solution File, Format Version 12.00
# Visual Studio Version 16
VisualStudioVersion = 16.0.31129.286
MinimumVisualStudioVersion = 10.0.40219.1
Project("{9A19103F-16F7-4668-BE54-9A1E7A4F7556}") = "MovieStoreAppProject", "MovieStoreAppProject\MovieStoreAppProject.csproj", "{F906D01A-37E3-481B-8108-4D9AE2F8956B}"
EndProject
Project("{9A19103F-16F7-4668-BE54-9A1E7A4F7556}") = "MovieStoreLibrary", "MovieStoreLibrary\MovieStoreLibrary.csproj", "{2ACA1E7D-4972-428D-B5A5-D55ADF7A5419}"
EndProject
Project("{FAE04EC0-301F-11D3-BF4B-00C04F79EFBC}") = "MovieAppServicies", "MovieAppServicies\MovieAppServicies.csproj", "{0397813B-BB6E-47F3-8328-D133B4387630}"
EndProject
Global
	GlobalSection(SolutionConfigurationPlatforms) = preSolution
		Debug|Any CPU = Debug|Any CPU
		Release|Any CPU = Release|Any CPU
	EndGlobalSection
	GlobalSection(ProjectConfigurationPlatforms) = postSolution
		{F906D01A-37E3-481B-8108-4D9AE2F8956B}.Debug|Any CPU.ActiveCfg = Debug|Any CPU
		{F906D01A-37E3-481B-8108-4D9AE2F8956B}.Debug|Any CPU.Build.0 = Debug|Any CPU
		{F906D01A-37E3-481B-8108-4D9AE2F8956B}.Release|Any CPU.ActiveCfg = Release|Any CPU
		{F906D01A-37E3-481B-8108-4D9AE2F8956B}.Release|Any CPU.Build.0 = Release|Any CPU
		{2ACA1E7D-4972-428D-B5A5-D55ADF7A5419}.Debug|Any CPU.ActiveCfg = Debug|Any CPU
		{2ACA1E7D-4972-428D-B5A5-D55ADF7A5419}.Debug|Any CPU.Build.0 = Debug|Any CPU
		{2ACA1E7D-4972-428D-B5A5-D55ADF7A5419}.Release|Any CPU.ActiveCfg = Release|Any CPU
		{2ACA1E7D-4972-428D-B5A5-D55ADF7A5419}.Release|Any CPU.Build.0 = Release|Any CPU
		{0397813B-BB6E-47F3-8328-D133B4387630}.Debug|Any CPU.ActiveCfg = Debug|Any CPU
		{0397813B-BB6E-47F3-8328-D133B4387630}.Debug|Any CPU.Build.0 = Debug|Any CPU
		{0397813B-BB6E-47F3-8328-D133B4387630}.Release|Any CPU.ActiveCfg = Release|Any CPU
		{0397813B-BB6E-47F3-8328-D133B4387630}.Release|Any CPU.Build.0 = Release|Any CPU
	EndGlobalSection
	GlobalSection(SolutionProperties) = preSolution
		HideSolutionNode = FALSE
	EndGlobalSection
	GlobalSection(ExtensibilityGlobals) = postSolution
		SolutionGuid = {6009CEEF-D269-4E66-A54D-9DD98A91AA20}
	EndGlobalSection
EndGlobal
