
Microsoft Visual Studio Solution File, Format Version 12.00
# Visual Studio Version 16
VisualStudioVersion = 16.0.31129.286
MinimumVisualStudioVersion = 10.0.40219.1
Project("{9A19103F-16F7-4668-BE54-9A1E7A4F7556}") = "Loops", "Loops\Loops.csproj", "{8E39EE31-03FF-4C72-9196-831E5C0AEAC5}"
EndProject
Project("{9A19103F-16F7-4668-BE54-9A1E7A4F7556}") = "Bonus1", "Bonus1\Bonus1.csproj", "{F98D180D-C8D7-42EE-8267-92686D3F90E1}"
EndProject
Project("{FAE04EC0-301F-11D3-BF4B-00C04F79EFBC}") = "Bonus2", "Bonus2\Bonus2.csproj", "{328A20A2-0AB8-46A9-A36C-4CDEBD6EFAC3}"
EndProject
Global
	GlobalSection(SolutionConfigurationPlatforms) = preSolution
		Debug|Any CPU = Debug|Any CPU
		Release|Any CPU = Release|Any CPU
	EndGlobalSection
	GlobalSection(ProjectConfigurationPlatforms) = postSolution
		{8E39EE31-03FF-4C72-9196-831E5C0AEAC5}.Debug|Any CPU.ActiveCfg = Debug|Any CPU
		{8E39EE31-03FF-4C72-9196-831E5C0AEAC5}.Debug|Any CPU.Build.0 = Debug|Any CPU
		{8E39EE31-03FF-4C72-9196-831E5C0AEAC5}.Release|Any CPU.ActiveCfg = Release|Any CPU
		{8E39EE31-03FF-4C72-9196-831E5C0AEAC5}.Release|Any CPU.Build.0 = Release|Any CPU
		{F98D180D-C8D7-42EE-8267-92686D3F90E1}.Debug|Any CPU.ActiveCfg = Debug|Any CPU
		{F98D180D-C8D7-42EE-8267-92686D3F90E1}.Debug|Any CPU.Build.0 = Debug|Any CPU
		{F98D180D-C8D7-42EE-8267-92686D3F90E1}.Release|Any CPU.ActiveCfg = Release|Any CPU
		{F98D180D-C8D7-42EE-8267-92686D3F90E1}.Release|Any CPU.Build.0 = Release|Any CPU
		{328A20A2-0AB8-46A9-A36C-4CDEBD6EFAC3}.Debug|Any CPU.ActiveCfg = Debug|Any CPU
		{328A20A2-0AB8-46A9-A36C-4CDEBD6EFAC3}.Debug|Any CPU.Build.0 = Debug|Any CPU
		{328A20A2-0AB8-46A9-A36C-4CDEBD6EFAC3}.Release|Any CPU.ActiveCfg = Release|Any CPU
		{328A20A2-0AB8-46A9-A36C-4CDEBD6EFAC3}.Release|Any CPU.Build.0 = Release|Any CPU
	EndGlobalSection
	GlobalSection(SolutionProperties) = preSolution
		HideSolutionNode = FALSE
	EndGlobalSection
	GlobalSection(ExtensibilityGlobals) = postSolution
		SolutionGuid = {D91DD030-0B9A-4E29-8AC6-41CA5D919409}
	EndGlobalSection
EndGlobal
