
Microsoft Visual Studio Solution File, Format Version 12.00
# Visual Studio Version 16
VisualStudioVersion = 16.0.31205.134
MinimumVisualStudioVersion = 10.0.40219.1
Project("{9A19103F-16F7-4668-BE54-9A1E7A4F7556}") = "AcademyManagementApp", "AcademyManagementApp\AcademyManagementApp.csproj", "{E2FB896A-4F95-44AF-B586-111A26B9F64C}"
EndProject
Project("{9A19103F-16F7-4668-BE54-9A1E7A4F7556}") = "ClassLibrary", "ClassLibrary\ClassLibrary.csproj", "{ED42C900-BA8B-4409-B6FB-A7B97D093EA0}"
EndProject
Project("{FAE04EC0-301F-11D3-BF4B-00C04F79EFBC}") = "Academy Services", "Academy Services\Academy Services.csproj", "{F3504DF5-2B35-4EF4-927A-CD48AD557DC0}"
EndProject
Global
	GlobalSection(SolutionConfigurationPlatforms) = preSolution
		Debug|Any CPU = Debug|Any CPU
		Release|Any CPU = Release|Any CPU
	EndGlobalSection
	GlobalSection(ProjectConfigurationPlatforms) = postSolution
		{E2FB896A-4F95-44AF-B586-111A26B9F64C}.Debug|Any CPU.ActiveCfg = Debug|Any CPU
		{E2FB896A-4F95-44AF-B586-111A26B9F64C}.Debug|Any CPU.Build.0 = Debug|Any CPU
		{E2FB896A-4F95-44AF-B586-111A26B9F64C}.Release|Any CPU.ActiveCfg = Release|Any CPU
		{E2FB896A-4F95-44AF-B586-111A26B9F64C}.Release|Any CPU.Build.0 = Release|Any CPU
		{ED42C900-BA8B-4409-B6FB-A7B97D093EA0}.Debug|Any CPU.ActiveCfg = Debug|Any CPU
		{ED42C900-BA8B-4409-B6FB-A7B97D093EA0}.Debug|Any CPU.Build.0 = Debug|Any CPU
		{ED42C900-BA8B-4409-B6FB-A7B97D093EA0}.Release|Any CPU.ActiveCfg = Release|Any CPU
		{ED42C900-BA8B-4409-B6FB-A7B97D093EA0}.Release|Any CPU.Build.0 = Release|Any CPU
		{F3504DF5-2B35-4EF4-927A-CD48AD557DC0}.Debug|Any CPU.ActiveCfg = Debug|Any CPU
		{F3504DF5-2B35-4EF4-927A-CD48AD557DC0}.Debug|Any CPU.Build.0 = Debug|Any CPU
		{F3504DF5-2B35-4EF4-927A-CD48AD557DC0}.Release|Any CPU.ActiveCfg = Release|Any CPU
		{F3504DF5-2B35-4EF4-927A-CD48AD557DC0}.Release|Any CPU.Build.0 = Release|Any CPU
	EndGlobalSection
	GlobalSection(SolutionProperties) = preSolution
		HideSolutionNode = FALSE
	EndGlobalSection
	GlobalSection(ExtensibilityGlobals) = postSolution
		SolutionGuid = {2589E965-00DC-4DC3-987C-01A4ADC6E663}
	EndGlobalSection
EndGlobal
