
Microsoft Visual Studio Solution File, Format Version 12.00
# Visual Studio Version 16
VisualStudioVersion = 16.0.31205.134
MinimumVisualStudioVersion = 10.0.40219.1
Project("{FAE04EC0-301F-11D3-BF4B-00C04F79EFBC}") = "LINQ", "LINQ\LINQ.csproj", "{DA67B0AA-BFAA-4B95-9E00-90D005385210}"
EndProject
Global
	GlobalSection(SolutionConfigurationPlatforms) = preSolution
		Debug|Any CPU = Debug|Any CPU
		Release|Any CPU = Release|Any CPU
	EndGlobalSection
	GlobalSection(ProjectConfigurationPlatforms) = postSolution
		{DA67B0AA-BFAA-4B95-9E00-90D005385210}.Debug|Any CPU.ActiveCfg = Debug|Any CPU
		{DA67B0AA-BFAA-4B95-9E00-90D005385210}.Debug|Any CPU.Build.0 = Debug|Any CPU
		{DA67B0AA-BFAA-4B95-9E00-90D005385210}.Release|Any CPU.ActiveCfg = Release|Any CPU
		{DA67B0AA-BFAA-4B95-9E00-90D005385210}.Release|Any CPU.Build.0 = Release|Any CPU
	EndGlobalSection
	GlobalSection(SolutionProperties) = preSolution
		HideSolutionNode = FALSE
	EndGlobalSection
	GlobalSection(ExtensibilityGlobals) = postSolution
		SolutionGuid = {CB42FE1A-CB45-46F1-B024-3C45F0E8063D}
	EndGlobalSection
EndGlobal
