
Microsoft Visual Studio Solution File, Format Version 12.00
# Visual Studio Version 16
VisualStudioVersion = 16.0.31129.286
MinimumVisualStudioVersion = 10.0.40219.1
Project("{FAE04EC0-301F-11D3-BF4B-00C04F79EFBC}") = "CreateLoginRegisterC", "CreateLoginRegisterC\CreateLoginRegisterC.csproj", "{5F4C6A28-0455-4BD0-99D1-161BCDDAC593}"
EndProject
Global
	GlobalSection(SolutionConfigurationPlatforms) = preSolution
		Debug|Any CPU = Debug|Any CPU
		Release|Any CPU = Release|Any CPU
	EndGlobalSection
	GlobalSection(ProjectConfigurationPlatforms) = postSolution
		{5F4C6A28-0455-4BD0-99D1-161BCDDAC593}.Debug|Any CPU.ActiveCfg = Debug|Any CPU
		{5F4C6A28-0455-4BD0-99D1-161BCDDAC593}.Debug|Any CPU.Build.0 = Debug|Any CPU
		{5F4C6A28-0455-4BD0-99D1-161BCDDAC593}.Release|Any CPU.ActiveCfg = Release|Any CPU
		{5F4C6A28-0455-4BD0-99D1-161BCDDAC593}.Release|Any CPU.Build.0 = Release|Any CPU
	EndGlobalSection
	GlobalSection(SolutionProperties) = preSolution
		HideSolutionNode = FALSE
	EndGlobalSection
	GlobalSection(ExtensibilityGlobals) = postSolution
		SolutionGuid = {2A0A7CDB-A23F-4B70-9641-AF96D1714143}
	EndGlobalSection
EndGlobal
