
Microsoft Visual Studio Solution File, Format Version 12.00
# Visual Studio Version 16
VisualStudioVersion = 16.0.31129.286
MinimumVisualStudioVersion = 10.0.40219.1
Project("{FAE04EC0-301F-11D3-BF4B-00C04F79EFBC}") = "VehiclesApp", "VehiclesApp\VehiclesApp.csproj", "{3A573A69-7FCD-450D-AAE8-86BD5B567826}"
EndProject
Project("{FAE04EC0-301F-11D3-BF4B-00C04F79EFBC}") = "ClassLibrary", "ClassLibrary\ClassLibrary.csproj", "{AADC830E-6703-47C1-8DB3-92CD1116E6E1}"
EndProject
Global
	GlobalSection(SolutionConfigurationPlatforms) = preSolution
		Debug|Any CPU = Debug|Any CPU
		Release|Any CPU = Release|Any CPU
	EndGlobalSection
	GlobalSection(ProjectConfigurationPlatforms) = postSolution
		{3A573A69-7FCD-450D-AAE8-86BD5B567826}.Debug|Any CPU.ActiveCfg = Debug|Any CPU
		{3A573A69-7FCD-450D-AAE8-86BD5B567826}.Debug|Any CPU.Build.0 = Debug|Any CPU
		{3A573A69-7FCD-450D-AAE8-86BD5B567826}.Release|Any CPU.ActiveCfg = Release|Any CPU
		{3A573A69-7FCD-450D-AAE8-86BD5B567826}.Release|Any CPU.Build.0 = Release|Any CPU
		{AADC830E-6703-47C1-8DB3-92CD1116E6E1}.Debug|Any CPU.ActiveCfg = Debug|Any CPU
		{AADC830E-6703-47C1-8DB3-92CD1116E6E1}.Debug|Any CPU.Build.0 = Debug|Any CPU
		{AADC830E-6703-47C1-8DB3-92CD1116E6E1}.Release|Any CPU.ActiveCfg = Release|Any CPU
		{AADC830E-6703-47C1-8DB3-92CD1116E6E1}.Release|Any CPU.Build.0 = Release|Any CPU
	EndGlobalSection
	GlobalSection(SolutionProperties) = preSolution
		HideSolutionNode = FALSE
	EndGlobalSection
	GlobalSection(ExtensibilityGlobals) = postSolution
		SolutionGuid = {412AB93C-19F8-49B1-B364-D8819326D47A}
	EndGlobalSection
EndGlobal
